// !$*UTF8*$!
{
	archiveVersion = 1;
	classes = {
	};
	objectVersion = 46;
	objects = {

/* Begin PBXBuildFile section */
		A618ADCE1EA1A766002DB4A6 /* ShipControlSet.swift in Sources */ = {isa = PBXBuildFile; fileRef = A618ADCD1EA1A766002DB4A6 /* ShipControlSet.swift */; };
		A618ADD01EA1A913002DB4A6 /* ShipControl.swift in Sources */ = {isa = PBXBuildFile; fileRef = A618ADCF1EA1A913002DB4A6 /* ShipControl.swift */; };
		A62687951E90741100118D29 /* AppDelegate.swift in Sources */ = {isa = PBXBuildFile; fileRef = A62687941E90741100118D29 /* AppDelegate.swift */; };
		A626879A1E90741100118D29 /* Main.storyboard in Resources */ = {isa = PBXBuildFile; fileRef = A62687981E90741100118D29 /* Main.storyboard */; };
		A626879C1E90741100118D29 /* Assets.xcassets in Resources */ = {isa = PBXBuildFile; fileRef = A626879B1E90741100118D29 /* Assets.xcassets */; };
		A626879F1E90741100118D29 /* LaunchScreen.storyboard in Resources */ = {isa = PBXBuildFile; fileRef = A626879D1E90741100118D29 /* LaunchScreen.storyboard */; };
		A62687A71E907C1E00118D29 /* GameModel.swift in Sources */ = {isa = PBXBuildFile; fileRef = A62687A61E907C1E00118D29 /* GameModel.swift */; };
		A62687A91E917F8600118D29 /* Enemy.swift in Sources */ = {isa = PBXBuildFile; fileRef = A62687A81E917F8600118D29 /* Enemy.swift */; };
		A62687AB1E917F8F00118D29 /* Player.swift in Sources */ = {isa = PBXBuildFile; fileRef = A62687AA1E917F8F00118D29 /* Player.swift */; };
		A62687AD1E917F9900118D29 /* Bullet.swift in Sources */ = {isa = PBXBuildFile; fileRef = A62687AC1E917F9900118D29 /* Bullet.swift */; };
		A6284F961E91907E005D8A55 /* MenuViewController.swift in Sources */ = {isa = PBXBuildFile; fileRef = A6284F951E91907E005D8A55 /* MenuViewController.swift */; };
		A6284F981E9190A7005D8A55 /* MenuView.swift in Sources */ = {isa = PBXBuildFile; fileRef = A6284F971E9190A7005D8A55 /* MenuView.swift */; };
		A6284F9D1E919106005D8A55 /* GameViewController.swift in Sources */ = {isa = PBXBuildFile; fileRef = A6284F9C1E919106005D8A55 /* GameViewController.swift */; };
		A6284FAA1E9840A8005D8A55 /* Sprite.swift in Sources */ = {isa = PBXBuildFile; fileRef = A6284FA91E9840A8005D8A55 /* Sprite.swift */; };
		A677E7C51EA98A59007A085E /* Debris.swift in Sources */ = {isa = PBXBuildFile; fileRef = A677E7C41EA98A59007A085E /* Debris.swift */; };
		A69161341EAAC8CE00E95501 /* Fire.swift in Sources */ = {isa = PBXBuildFile; fileRef = A69161331EAAC8CE00E95501 /* Fire.swift */; };
		A69161361EAADC7200E95501 /* PlayerLife.swift in Sources */ = {isa = PBXBuildFile; fileRef = A69161351EAADC7200E95501 /* PlayerLife.swift */; };
		A69161381EAB34B200E95501 /* Number.swift in Sources */ = {isa = PBXBuildFile; fileRef = A69161371EAB34B200E95501 /* Number.swift */; };
		A691613A1EAB375400E95501 /* Score.swift in Sources */ = {isa = PBXBuildFile; fileRef = A69161391EAB375400E95501 /* Score.swift */; };
		A6A360971EA8283600B7AAB3 /* EnemyBullet.swift in Sources */ = {isa = PBXBuildFile; fileRef = A6A360961EA8283600B7AAB3 /* EnemyBullet.swift */; };
		A6A360991EA8284200B7AAB3 /* PlayerBullet.swift in Sources */ = {isa = PBXBuildFile; fileRef = A6A360981EA8284200B7AAB3 /* PlayerBullet.swift */; };
		A6AEE36C1EAC011600A0F427 /* Attributions.txt in Resources */ = {isa = PBXBuildFile; fileRef = A6AEE36B1EAC011600A0F427 /* Attributions.txt */; };
		A6AEE36E1EAEA95900A0F427 /* Boss.swift in Sources */ = {isa = PBXBuildFile; fileRef = A6AEE36D1EAEA95900A0F427 /* Boss.swift */; };
		A6F7C6401E984B4600CD89A8 /* sprite_fragment.glsl in Resources */ = {isa = PBXBuildFile; fileRef = A6F7C63E1E984B4600CD89A8 /* sprite_fragment.glsl */; };
		A6F7C6411E984B4600CD89A8 /* sprite_vertex.glsl in Resources */ = {isa = PBXBuildFile; fileRef = A6F7C63F1E984B4600CD89A8 /* sprite_vertex.glsl */; };
		A6F7C6431E985AC800CD89A8 /* Background.swift in Sources */ = {isa = PBXBuildFile; fileRef = A6F7C6421E985AC800CD89A8 /* Background.swift */; };
/* End PBXBuildFile section */

/* Begin PBXFileReference section */
		A618ADCD1EA1A766002DB4A6 /* ShipControlSet.swift */ = {isa = PBXFileReference; fileEncoding = 4; lastKnownFileType = sourcecode.swift; path = ShipControlSet.swift; sourceTree = "<group>"; };
		A618ADCF1EA1A913002DB4A6 /* ShipControl.swift */ = {isa = PBXFileReference; fileEncoding = 4; lastKnownFileType = sourcecode.swift; path = ShipControl.swift; sourceTree = "<group>"; };
		A62687911E90741100118D29 /* ProjectF.app */ = {isa = PBXFileReference; explicitFileType = wrapper.application; includeInIndex = 0; path = ProjectF.app; sourceTree = BUILT_PRODUCTS_DIR; };
		A62687941E90741100118D29 /* AppDelegate.swift */ = {isa = PBXFileReference; lastKnownFileType = sourcecode.swift; path = AppDelegate.swift; sourceTree = "<group>"; };
		A62687991E90741100118D29 /* Base */ = {isa = PBXFileReference; lastKnownFileType = file.storyboard; name = Base; path = Base.lproj/Main.storyboard; sourceTree = "<group>"; };
		A626879B1E90741100118D29 /* Assets.xcassets */ = {isa = PBXFileReference; lastKnownFileType = folder.assetcatalog; path = Assets.xcassets; sourceTree = "<group>"; };
		A626879E1E90741100118D29 /* Base */ = {isa = PBXFileReference; lastKnownFileType = file.storyboard; name = Base; path = Base.lproj/LaunchScreen.storyboard; sourceTree = "<group>"; };
		A62687A01E90741100118D29 /* Info.plist */ = {isa = PBXFileReference; lastKnownFileType = text.plist.xml; path = Info.plist; sourceTree = "<group>"; };
		A62687A61E907C1E00118D29 /* GameModel.swift */ = {isa = PBXFileReference; fileEncoding = 4; lastKnownFileType = sourcecode.swift; path = GameModel.swift; sourceTree = "<group>"; };
		A62687A81E917F8600118D29 /* Enemy.swift */ = {isa = PBXFileReference; fileEncoding = 4; lastKnownFileType = sourcecode.swift; path = Enemy.swift; sourceTree = "<group>"; };
		A62687AA1E917F8F00118D29 /* Player.swift */ = {isa = PBXFileReference; fileEncoding = 4; lastKnownFileType = sourcecode.swift; path = Player.swift; sourceTree = "<group>"; };
		A62687AC1E917F9900118D29 /* Bullet.swift */ = {isa = PBXFileReference; fileEncoding = 4; lastKnownFileType = sourcecode.swift; path = Bullet.swift; sourceTree = "<group>"; };
		A6284F951E91907E005D8A55 /* MenuViewController.swift */ = {isa = PBXFileReference; fileEncoding = 4; lastKnownFileType = sourcecode.swift; path = MenuViewController.swift; sourceTree = "<group>"; };
		A6284F971E9190A7005D8A55 /* MenuView.swift */ = {isa = PBXFileReference; fileEncoding = 4; lastKnownFileType = sourcecode.swift; path = MenuView.swift; sourceTree = "<group>"; };
		A6284F9C1E919106005D8A55 /* GameViewController.swift */ = {isa = PBXFileReference; fileEncoding = 4; lastKnownFileType = sourcecode.swift; path = GameViewController.swift; sourceTree = "<group>"; };
		A6284FA91E9840A8005D8A55 /* Sprite.swift */ = {isa = PBXFileReference; fileEncoding = 4; lastKnownFileType = sourcecode.swift; path = Sprite.swift; sourceTree = "<group>"; };
		A677E7C41EA98A59007A085E /* Debris.swift */ = {isa = PBXFileReference; fileEncoding = 4; lastKnownFileType = sourcecode.swift; path = Debris.swift; sourceTree = "<group>"; };
		A69161331EAAC8CE00E95501 /* Fire.swift */ = {isa = PBXFileReference; fileEncoding = 4; lastKnownFileType = sourcecode.swift; path = Fire.swift; sourceTree = "<group>"; };
		A69161351EAADC7200E95501 /* PlayerLife.swift */ = {isa = PBXFileReference; fileEncoding = 4; lastKnownFileType = sourcecode.swift; path = PlayerLife.swift; sourceTree = "<group>"; };
		A69161371EAB34B200E95501 /* Number.swift */ = {isa = PBXFileReference; fileEncoding = 4; lastKnownFileType = sourcecode.swift; path = Number.swift; sourceTree = "<group>"; };
		A69161391EAB375400E95501 /* Score.swift */ = {isa = PBXFileReference; fileEncoding = 4; lastKnownFileType = sourcecode.swift; path = Score.swift; sourceTree = "<group>"; };
		A6A360961EA8283600B7AAB3 /* EnemyBullet.swift */ = {isa = PBXFileReference; fileEncoding = 4; lastKnownFileType = sourcecode.swift; path = EnemyBullet.swift; sourceTree = "<group>"; };
		A6A360981EA8284200B7AAB3 /* PlayerBullet.swift */ = {isa = PBXFileReference; fileEncoding = 4; lastKnownFileType = sourcecode.swift; path = PlayerBullet.swift; sourceTree = "<group>"; };
		A6AEE36B1EAC011600A0F427 /* Attributions.txt */ = {isa = PBXFileReference; fileEncoding = 4; lastKnownFileType = text; path = Attributions.txt; sourceTree = "<group>"; };
		A6AEE36D1EAEA95900A0F427 /* Boss.swift */ = {isa = PBXFileReference; fileEncoding = 4; lastKnownFileType = sourcecode.swift; path = Boss.swift; sourceTree = "<group>"; };
		A6F7C63E1E984B4600CD89A8 /* sprite_fragment.glsl */ = {isa = PBXFileReference; fileEncoding = 4; lastKnownFileType = text; path = sprite_fragment.glsl; sourceTree = "<group>"; };
		A6F7C63F1E984B4600CD89A8 /* sprite_vertex.glsl */ = {isa = PBXFileReference; fileEncoding = 4; lastKnownFileType = text; path = sprite_vertex.glsl; sourceTree = "<group>"; };
		A6F7C6421E985AC800CD89A8 /* Background.swift */ = {isa = PBXFileReference; fileEncoding = 4; lastKnownFileType = sourcecode.swift; path = Background.swift; sourceTree = "<group>"; };
/* End PBXFileReference section */

/* Begin PBXFrameworksBuildPhase section */
		A626878E1E90741100118D29 /* Frameworks */ = {
			isa = PBXFrameworksBuildPhase;
			buildActionMask = 2147483647;
			files = (
			);
			runOnlyForDeploymentPostprocessing = 0;
		};
/* End PBXFrameworksBuildPhase section */

/* Begin PBXGroup section */
		A62687881E90741100118D29 = {
			isa = PBXGroup;
			children = (
				A62687931E90741100118D29 /* ProjectF */,
				A62687921E90741100118D29 /* Products */,
			);
			sourceTree = "<group>";
		};
		A62687921E90741100118D29 /* Products */ = {
			isa = PBXGroup;
			children = (
				A62687911E90741100118D29 /* ProjectF.app */,
			);
			name = Products;
			sourceTree = "<group>";
		};
		A62687931E90741100118D29 /* ProjectF */ = {
			isa = PBXGroup;
			children = (
				A6F7C63E1E984B4600CD89A8 /* sprite_fragment.glsl */,
				A6F7C63F1E984B4600CD89A8 /* sprite_vertex.glsl */,
				A6284F9E1E91916B005D8A55 /* Other */,
				A6284F9B1E9190CC005D8A55 /* Models */,
				A6284F9A1E9190C7005D8A55 /* Controllers */,
				A6284F991E9190C0005D8A55 /* Views */,
				A6AEE36B1EAC011600A0F427 /* Attributions.txt */,
			);
			path = ProjectF;
			sourceTree = "<group>";
		};
		A6284F991E9190C0005D8A55 /* Views */ = {
			isa = PBXGroup;
			children = (
				A62687981E90741100118D29 /* Main.storyboard */,
				A626879D1E90741100118D29 /* LaunchScreen.storyboard */,
				A6284F971E9190A7005D8A55 /* MenuView.swift */,
			);
			name = Views;
			sourceTree = "<group>";
		};
		A6284F9A1E9190C7005D8A55 /* Controllers */ = {
			isa = PBXGroup;
			children = (
				A6284F951E91907E005D8A55 /* MenuViewController.swift */,
				A6284F9C1E919106005D8A55 /* GameViewController.swift */,
			);
			name = Controllers;
			sourceTree = "<group>";
		};
		A6284F9B1E9190CC005D8A55 /* Models */ = {
			isa = PBXGroup;
			children = (
				A6284FA91E9840A8005D8A55 /* Sprite.swift */,
				A6F7C6421E985AC800CD89A8 /* Background.swift */,
				A62687A61E907C1E00118D29 /* GameModel.swift */,
				A62687A81E917F8600118D29 /* Enemy.swift */,
				A62687AA1E917F8F00118D29 /* Player.swift */,
				A62687AC1E917F9900118D29 /* Bullet.swift */,
				A6A360961EA8283600B7AAB3 /* EnemyBullet.swift */,
				A6A360981EA8284200B7AAB3 /* PlayerBullet.swift */,
				A677E7C41EA98A59007A085E /* Debris.swift */,
				A69161331EAAC8CE00E95501 /* Fire.swift */,
				A69161351EAADC7200E95501 /* PlayerLife.swift */,
				A69161371EAB34B200E95501 /* Number.swift */,
				A69161391EAB375400E95501 /* Score.swift */,
				A6AEE36D1EAEA95900A0F427 /* Boss.swift */,
			);
			name = Models;
			sourceTree = "<group>";
		};
		A6284F9E1E91916B005D8A55 /* Other */ = {
			isa = PBXGroup;
			children = (
				A62687941E90741100118D29 /* AppDelegate.swift */,
				A626879B1E90741100118D29 /* Assets.xcassets */,
				A62687A01E90741100118D29 /* Info.plist */,
				A618ADCD1EA1A766002DB4A6 /* ShipControlSet.swift */,
				A618ADCF1EA1A913002DB4A6 /* ShipControl.swift */,
			);
			name = Other;
			sourceTree = "<group>";
		};
/* End PBXGroup section */

/* Begin PBXNativeTarget section */
		A62687901E90741100118D29 /* ProjectF */ = {
			isa = PBXNativeTarget;
			buildConfigurationList = A62687A31E90741100118D29 /* Build configuration list for PBXNativeTarget "ProjectF" */;
			buildPhases = (
				A626878D1E90741100118D29 /* Sources */,
				A626878E1E90741100118D29 /* Frameworks */,
				A626878F1E90741100118D29 /* Resources */,
			);
			buildRules = (
			);
			dependencies = (
			);
			name = ProjectF;
			productName = ProjectF;
			productReference = A62687911E90741100118D29 /* ProjectF.app */;
			productType = "com.apple.product-type.application";
		};
/* End PBXNativeTarget section */

/* Begin PBXProject section */
		A62687891E90741100118D29 /* Project object */ = {
			isa = PBXProject;
			attributes = {
				LastSwiftUpdateCheck = 0830;
				LastUpgradeCheck = 0830;
				ORGANIZATIONNAME = "Bernard Cosgriff";
				TargetAttributes = {
					A62687901E90741100118D29 = {
						CreatedOnToolsVersion = 8.3;
						ProvisioningStyle = Automatic;
					};
				};
			};
			buildConfigurationList = A626878C1E90741100118D29 /* Build configuration list for PBXProject "ProjectF" */;
			compatibilityVersion = "Xcode 3.2";
			developmentRegion = English;
			hasScannedForEncodings = 0;
			knownRegions = (
				en,
				Base,
			);
			mainGroup = A62687881E90741100118D29;
			productRefGroup = A62687921E90741100118D29 /* Products */;
			projectDirPath = "";
			projectRoot = "";
			targets = (
				A62687901E90741100118D29 /* ProjectF */,
			);
		};
/* End PBXProject section */

/* Begin PBXResourcesBuildPhase section */
		A626878F1E90741100118D29 /* Resources */ = {
			isa = PBXResourcesBuildPhase;
			buildActionMask = 2147483647;
			files = (
				A6AEE36C1EAC011600A0F427 /* Attributions.txt in Resources */,
				A626879F1E90741100118D29 /* LaunchScreen.storyboard in Resources */,
				A626879C1E90741100118D29 /* Assets.xcassets in Resources */,
				A6F7C6401E984B4600CD89A8 /* sprite_fragment.glsl in Resources */,
				A626879A1E90741100118D29 /* Main.storyboard in Resources */,
				A6F7C6411E984B4600CD89A8 /* sprite_vertex.glsl in Resources */,
			);
			runOnlyForDeploymentPostprocessing = 0;
		};
/* End PBXResourcesBuildPhase section */

/* Begin PBXSourcesBuildPhase section */
		A626878D1E90741100118D29 /* Sources */ = {
			isa = PBXSourcesBuildPhase;
			buildActionMask = 2147483647;
			files = (
				A69161361EAADC7200E95501 /* PlayerLife.swift in Sources */,
				A62687A91E917F8600118D29 /* Enemy.swift in Sources */,
				A69161381EAB34B200E95501 /* Number.swift in Sources */,
				A6284FAA1E9840A8005D8A55 /* Sprite.swift in Sources */,
				A6A360971EA8283600B7AAB3 /* EnemyBullet.swift in Sources */,
				A6284F981E9190A7005D8A55 /* MenuView.swift in Sources */,
				A6A360991EA8284200B7AAB3 /* PlayerBullet.swift in Sources */,
				A62687951E90741100118D29 /* AppDelegate.swift in Sources */,
				A6AEE36E1EAEA95900A0F427 /* Boss.swift in Sources */,
				A618ADCE1EA1A766002DB4A6 /* ShipControlSet.swift in Sources */,
				A618ADD01EA1A913002DB4A6 /* ShipControl.swift in Sources */,
				A6284F9D1E919106005D8A55 /* GameViewController.swift in Sources */,
				A6284F961E91907E005D8A55 /* MenuViewController.swift in Sources */,
				A62687AB1E917F8F00118D29 /* Player.swift in Sources */,
				A691613A1EAB375400E95501 /* Score.swift in Sources */,
				A69161341EAAC8CE00E95501 /* Fire.swift in Sources */,
				A677E7C51EA98A59007A085E /* Debris.swift in Sources */,
				A62687A71E907C1E00118D29 /* GameModel.swift in Sources */,
				A62687AD1E917F9900118D29 /* Bullet.swift in Sources */,
				A6F7C6431E985AC800CD89A8 /* Background.swift in Sources */,
			);
			runOnlyForDeploymentPostprocessing = 0;
		};
/* End PBXSourcesBuildPhase section */

/* Begin PBXVariantGroup section */
		A62687981E90741100118D29 /* Main.storyboard */ = {
			isa = PBXVariantGroup;
			children = (
				A62687991E90741100118D29 /* Base */,
			);
			name = Main.storyboard;
			sourceTree = "<group>";
		};
		A626879D1E90741100118D29 /* LaunchScreen.storyboard */ = {
			isa = PBXVariantGroup;
			children = (
				A626879E1E90741100118D29 /* Base */,
			);
			name = LaunchScreen.storyboard;
			sourceTree = "<group>";
		};
/* End PBXVariantGroup section */

/* Begin XCBuildConfiguration section */
		A62687A11E90741100118D29 /* Debug */ = {
			isa = XCBuildConfiguration;
			buildSettings = {
				ALWAYS_SEARCH_USER_PATHS = NO;
				CLANG_ANALYZER_NONNULL = YES;
				CLANG_ANALYZER_NUMBER_OBJECT_CONVERSION = YES_AGGRESSIVE;
				CLANG_CXX_LANGUAGE_STANDARD = "gnu++0x";
				CLANG_CXX_LIBRARY = "libc++";
				CLANG_ENABLE_MODULES = YES;
				CLANG_ENABLE_OBJC_ARC = YES;
				CLANG_WARN_BOOL_CONVERSION = YES;
				CLANG_WARN_CONSTANT_CONVERSION = YES;
				CLANG_WARN_DIRECT_OBJC_ISA_USAGE = YES_ERROR;
				CLANG_WARN_DOCUMENTATION_COMMENTS = YES;
				CLANG_WARN_EMPTY_BODY = YES;
				CLANG_WARN_ENUM_CONVERSION = YES;
				CLANG_WARN_INFINITE_RECURSION = YES;
				CLANG_WARN_INT_CONVERSION = YES;
				CLANG_WARN_OBJC_ROOT_CLASS = YES_ERROR;
				CLANG_WARN_SUSPICIOUS_MOVE = YES;
				CLANG_WARN_UNREACHABLE_CODE = YES;
				CLANG_WARN__DUPLICATE_METHOD_MATCH = YES;
				"CODE_SIGN_IDENTITY[sdk=iphoneos*]" = "iPhone Developer";
				COPY_PHASE_STRIP = NO;
				DEBUG_INFORMATION_FORMAT = dwarf;
				ENABLE_STRICT_OBJC_MSGSEND = YES;
				ENABLE_TESTABILITY = YES;
				GCC_C_LANGUAGE_STANDARD = gnu99;
				GCC_DYNAMIC_NO_PIC = NO;
				GCC_NO_COMMON_BLOCKS = YES;
				GCC_OPTIMIZATION_LEVEL = 0;
				GCC_PREPROCESSOR_DEFINITIONS = (
					"DEBUG=1",
					"$(inherited)",
				);
				GCC_WARN_64_TO_32_BIT_CONVERSION = YES;
				GCC_WARN_ABOUT_RETURN_TYPE = YES_ERROR;
				GCC_WARN_UNDECLARED_SELECTOR = YES;
				GCC_WARN_UNINITIALIZED_AUTOS = YES_AGGRESSIVE;
				GCC_WARN_UNUSED_FUNCTION = YES;
				GCC_WARN_UNUSED_VARIABLE = YES;
				IPHONEOS_DEPLOYMENT_TARGET = 10.3;
				MTL_ENABLE_DEBUG_INFO = YES;
				ONLY_ACTIVE_ARCH = YES;
				SDKROOT = iphoneos;
				SWIFT_ACTIVE_COMPILATION_CONDITIONS = DEBUG;
				SWIFT_OPTIMIZATION_LEVEL = "-Onone";
				TARGETED_DEVICE_FAMILY = "1,2";
			};
			name = Debug;
		};
		A62687A21E90741100118D29 /* Release */ = {
			isa = XCBuildConfiguration;
			buildSettings = {
				ALWAYS_SEARCH_USER_PATHS = NO;
				CLANG_ANALYZER_NONNULL = YES;
				CLANG_ANALYZER_NUMBER_OBJECT_CONVERSION = YES_AGGRESSIVE;
				CLANG_CXX_LANGUAGE_STANDARD = "gnu++0x";
				CLANG_CXX_LIBRARY = "libc++";
				CLANG_ENABLE_MODULES = YES;
				CLANG_ENABLE_OBJC_ARC = YES;
				CLANG_WARN_BOOL_CONVERSION = YES;
				CLANG_WARN_CONSTANT_CONVERSION = YES;
				CLANG_WARN_DIRECT_OBJC_ISA_USAGE = YES_ERROR;
				CLANG_WARN_DOCUMENTATION_COMMENTS = YES;
				CLANG_WARN_EMPTY_BODY = YES;
				CLANG_WARN_ENUM_CONVERSION = YES;
				CLANG_WARN_INFINITE_RECURSION = YES;
				CLANG_WARN_INT_CONVERSION = YES;
				CLANG_WARN_OBJC_ROOT_CLASS = YES_ERROR;
				CLANG_WARN_SUSPICIOUS_MOVE = YES;
				CLANG_WARN_UNREACHABLE_CODE = YES;
				CLANG_WARN__DUPLICATE_METHOD_MATCH = YES;
				"CODE_SIGN_IDENTITY[sdk=iphoneos*]" = "iPhone Developer";
				COPY_PHASE_STRIP = NO;
				DEBUG_INFORMATION_FORMAT = "dwarf-with-dsym";
				ENABLE_NS_ASSERTIONS = NO;
				ENABLE_STRICT_OBJC_MSGSEND = YES;
				GCC_C_LANGUAGE_STANDARD = gnu99;
				GCC_NO_COMMON_BLOCKS = YES;
				GCC_WARN_64_TO_32_BIT_CONVERSION = YES;
				GCC_WARN_ABOUT_RETURN_TYPE = YES_ERROR;
				GCC_WARN_UNDECLARED_SELECTOR = YES;
				GCC_WARN_UNINITIALIZED_AUTOS = YES_AGGRESSIVE;
				GCC_WARN_UNUSED_FUNCTION = YES;
				GCC_WARN_UNUSED_VARIABLE = YES;
				IPHONEOS_DEPLOYMENT_TARGET = 10.3;
				MTL_ENABLE_DEBUG_INFO = NO;
				SDKROOT = iphoneos;
				SWIFT_OPTIMIZATION_LEVEL = "-Owholemodule";
				TARGETED_DEVICE_FAMILY = "1,2";
				VALIDATE_PRODUCT = YES;
			};
			name = Release;
		};
		A62687A41E90741100118D29 /* Debug */ = {
			isa = XCBuildConfiguration;
			buildSettings = {
				ASSETCATALOG_COMPILER_APPICON_NAME = AppIcon;
				INFOPLIST_FILE = ProjectF/Info.plist;
				LD_RUNPATH_SEARCH_PATHS = "$(inherited) @executable_path/Frameworks";
				PRODUCT_BUNDLE_IDENTIFIER = edu.utah.cs4530.ProjectF;
				PRODUCT_NAME = "$(TARGET_NAME)";
				SWIFT_VERSION = 3.0;
			};
			name = Debug;
		};
		A62687A51E90741100118D29 /* Release */ = {
			isa = XCBuildConfiguration;
			buildSettings = {
				ASSETCATALOG_COMPILER_APPICON_NAME = AppIcon;
				INFOPLIST_FILE = ProjectF/Info.plist;
				LD_RUNPATH_SEARCH_PATHS = "$(inherited) @executable_path/Frameworks";
				PRODUCT_BUNDLE_IDENTIFIER = edu.utah.cs4530.ProjectF;
				PRODUCT_NAME = "$(TARGET_NAME)";
				SWIFT_VERSION = 3.0;
			};
			name = Release;
		};
/* End XCBuildConfiguration section */

/* Begin XCConfigurationList section */
		A626878C1E90741100118D29 /* Build configuration list for PBXProject "ProjectF" */ = {
			isa = XCConfigurationList;
			buildConfigurations = (
				A62687A11E90741100118D29 /* Debug */,
				A62687A21E90741100118D29 /* Release */,
			);
			defaultConfigurationIsVisible = 0;
			defaultConfigurationName = Release;
		};
		A62687A31E90741100118D29 /* Build configuration list for PBXNativeTarget "ProjectF" */ = {
			isa = XCConfigurationList;
			buildConfigurations = (
				A62687A41E90741100118D29 /* Debug */,
				A62687A51E90741100118D29 /* Release */,
			);
			defaultConfigurationIsVisible = 0;
			defaultConfigurationName = Release;
		};
/* End XCConfigurationList section */
	};
	rootObject = A62687891E90741100118D29 /* Project object */;
}
